// !$*UTF8*$!
{
	archiveVersion = 1;
	classes = {
	};
	objectVersion = 55;
	objects = {

/* Begin PBXBuildFile section */
		13C0ED032962A40900FA86EF /* AppDelegate.swift in Sources */ = {isa = PBXBuildFile; fileRef = 13C0ED022962A40900FA86EF /* AppDelegate.swift */; };
		13C0ED052962A40900FA86EF /* SceneDelegate.swift in Sources */ = {isa = PBXBuildFile; fileRef = 13C0ED042962A40900FA86EF /* SceneDelegate.swift */; };
		13C0ED072962A40900FA86EF /* ViewController.swift in Sources */ = {isa = PBXBuildFile; fileRef = 13C0ED062962A40900FA86EF /* ViewController.swift */; };
		13C0ED0A2962A40900FA86EF /* Main.storyboard in Resources */ = {isa = PBXBuildFile; fileRef = 13C0ED082962A40900FA86EF /* Main.storyboard */; };
		13C0ED0C2962A40A00FA86EF /* Assets.xcassets in Resources */ = {isa = PBXBuildFile; fileRef = 13C0ED0B2962A40A00FA86EF /* Assets.xcassets */; };
		13C0ED0F2962A40A00FA86EF /* LaunchScreen.storyboard in Resources */ = {isa = PBXBuildFile; fileRef = 13C0ED0D2962A40A00FA86EF /* LaunchScreen.storyboard */; };
		CE017EBD0435949C333BC173 /* Pods_ChartsApp.framework in Frameworks */ = {isa = PBXBuildFile; fileRef = C43296E531FFDBE7FB071838 /* Pods_ChartsApp.framework */; };
/* End PBXBuildFile section */

/* Begin PBXFileReference section */
		02DA0FDC4A4280F735A874AF /* Pods-ChartsApp.debug.xcconfig */ = {isa = PBXFileReference; includeInIndex = 1; lastKnownFileType = text.xcconfig; name = "Pods-ChartsApp.debug.xcconfig"; path = "Target Support Files/Pods-ChartsApp/Pods-ChartsApp.debug.xcconfig"; sourceTree = "<group>"; };
		13C0ECFF2962A40900FA86EF /* ChartsApp.app */ = {isa = PBXFileReference; explicitFileType = wrapper.application; includeInIndex = 0; path = ChartsApp.app; sourceTree = BUILT_PRODUCTS_DIR; };
		13C0ED022962A40900FA86EF /* AppDelegate.swift */ = {isa = PBXFileReference; lastKnownFileType = sourcecode.swift; path = AppDelegate.swift; sourceTree = "<group>"; };
		13C0ED042962A40900FA86EF /* SceneDelegate.swift */ = {isa = PBXFileReference; lastKnownFileType = sourcecode.swift; path = SceneDelegate.swift; sourceTree = "<group>"; };
		13C0ED062962A40900FA86EF /* ViewController.swift */ = {isa = PBXFileReference; lastKnownFileType = sourcecode.swift; path = ViewController.swift; sourceTree = "<group>"; };
		13C0ED092962A40900FA86EF /* Base */ = {isa = PBXFileReference; lastKnownFileType = file.storyboard; name = Base; path = Base.lproj/Main.storyboard; sourceTree = "<group>"; };
		13C0ED0B2962A40A00FA86EF /* Assets.xcassets */ = {isa = PBXFileReference; lastKnownFileType = folder.assetcatalog; path = Assets.xcassets; sourceTree = "<group>"; };
		13C0ED0E2962A40A00FA86EF /* Base */ = {isa = PBXFileReference; lastKnownFileType = file.storyboard; name = Base; path = Base.lproj/LaunchScreen.storyboard; sourceTree = "<group>"; };
		13C0ED102962A40A00FA86EF /* Info.plist */ = {isa = PBXFileReference; lastKnownFileType = text.plist.xml; path = Info.plist; sourceTree = "<group>"; };
		B861913A4F18586485FCB069 /* Pods-ChartsApp.release.xcconfig */ = {isa = PBXFileReference; includeInIndex = 1; lastKnownFileType = text.xcconfig; name = "Pods-ChartsApp.release.xcconfig"; path = "Target Support Files/Pods-ChartsApp/Pods-ChartsApp.release.xcconfig"; sourceTree = "<group>"; };
		C43296E531FFDBE7FB071838 /* Pods_ChartsApp.framework */ = {isa = PBXFileReference; explicitFileType = wrapper.framework; includeInIndex = 0; path = Pods_ChartsApp.framework; sourceTree = BUILT_PRODUCTS_DIR; };
/* End PBXFileReference section */

/* Begin PBXFrameworksBuildPhase section */
		13C0ECFC2962A40900FA86EF /* Frameworks */ = {
			isa = PBXFrameworksBuildPhase;
			buildActionMask = 2147483647;
			files = (
				CE017EBD0435949C333BC173 /* Pods_ChartsApp.framework in Frameworks */,
			);
			runOnlyForDeploymentPostprocessing = 0;
		};
/* End PBXFrameworksBuildPhase section */

/* Begin PBXGroup section */
		13C0ECF62962A40800FA86EF = {
			isa = PBXGroup;
			children = (
				13C0ED012962A40900FA86EF /* ChartsApp */,
				13C0ED002962A40900FA86EF /* Products */,
				FBAD4CD15E6D1A2C484A6790 /* Pods */,
				1402F3D3D0228A8FC3F0B0BA /* Frameworks */,
			);
			sourceTree = "<group>";
		};
		13C0ED002962A40900FA86EF /* Products */ = {
			isa = PBXGroup;
			children = (
				13C0ECFF2962A40900FA86EF /* ChartsApp.app */,
			);
			name = Products;
			sourceTree = "<group>";
		};
		13C0ED012962A40900FA86EF /* ChartsApp */ = {
			isa = PBXGroup;
			children = (
				13C0ED022962A40900FA86EF /* AppDelegate.swift */,
				13C0ED042962A40900FA86EF /* SceneDelegate.swift */,
				13C0ED062962A40900FA86EF /* ViewController.swift */,
				13C0ED082962A40900FA86EF /* Main.storyboard */,
				13C0ED0B2962A40A00FA86EF /* Assets.xcassets */,
				13C0ED0D2962A40A00FA86EF /* LaunchScreen.storyboard */,
				13C0ED102962A40A00FA86EF /* Info.plist */,
			);
			path = ChartsApp;
			sourceTree = "<group>";
		};
		1402F3D3D0228A8FC3F0B0BA /* Frameworks */ = {
			isa = PBXGroup;
			children = (
				C43296E531FFDBE7FB071838 /* Pods_ChartsApp.framework */,
			);
			name = Frameworks;
			sourceTree = "<group>";
		};
		FBAD4CD15E6D1A2C484A6790 /* Pods */ = {
			isa = PBXGroup;
			children = (
				02DA0FDC4A4280F735A874AF /* Pods-ChartsApp.debug.xcconfig */,
				B861913A4F18586485FCB069 /* Pods-ChartsApp.release.xcconfig */,
			);
			name = Pods;
			path = Pods;
			sourceTree = "<group>";
		};
/* End PBXGroup section */

/* Begin PBXNativeTarget section */
		13C0ECFE2962A40900FA86EF /* ChartsApp */ = {
			isa = PBXNativeTarget;
			buildConfigurationList = 13C0ED132962A40A00FA86EF /* Build configuration list for PBXNativeTarget "ChartsApp" */;
			buildPhases = (
				8B386130CE66F953585FF709 /* [CP] Check Pods Manifest.lock */,
				13C0ECFB2962A40900FA86EF /* Sources */,
				13C0ECFC2962A40900FA86EF /* Frameworks */,
				13C0ECFD2962A40900FA86EF /* Resources */,
				0D1DEFDC84B5065841F74C14 /* [CP] Embed Pods Frameworks */,
			);
			buildRules = (
			);
			dependencies = (
			);
			name = ChartsApp;
			productName = ChartsApp;
			productReference = 13C0ECFF2962A40900FA86EF /* ChartsApp.app */;
			productType = "com.apple.product-type.application";
		};
/* End PBXNativeTarget section */

/* Begin PBXProject section */
		13C0ECF72962A40800FA86EF /* Project object */ = {
			isa = PBXProject;
			attributes = {
				BuildIndependentTargetsInParallel = 1;
				LastSwiftUpdateCheck = 1410;
				LastUpgradeCheck = 1410;
				TargetAttributes = {
					13C0ECFE2962A40900FA86EF = {
						CreatedOnToolsVersion = 14.1;
					};
				};
			};
			buildConfigurationList = 13C0ECFA2962A40800FA86EF /* Build configuration list for PBXProject "ChartsApp" */;
			compatibilityVersion = "Xcode 13.0";
			developmentRegion = en;
			hasScannedForEncodings = 0;
			knownRegions = (
				en,
				Base,
			);
			mainGroup = 13C0ECF62962A40800FA86EF;
			productRefGroup = 13C0ED002962A40900FA86EF /* Products */;
			projectDirPath = "";
			projectRoot = "";
			targets = (
				13C0ECFE2962A40900FA86EF /* ChartsApp */,
			);
		};
/* End PBXProject section */

/* Begin PBXResourcesBuildPhase section */
		13C0ECFD2962A40900FA86EF /* Resources */ = {
			isa = PBXResourcesBuildPhase;
			buildActionMask = 2147483647;
			files = (
				13C0ED0F2962A40A00FA86EF /* LaunchScreen.storyboard in Resources */,
				13C0ED0C2962A40A00FA86EF /* Assets.xcassets in Resources */,
				13C0ED0A2962A40900FA86EF /* Main.storyboard in Resources */,
			);
			runOnlyForDeploymentPostprocessing = 0;
		};
/* End PBXResourcesBuildPhase section */

/* Begin PBXShellScriptBuildPhase section */
		0D1DEFDC84B5065841F74C14 /* [CP] Embed Pods Frameworks */ = {
			isa = PBXShellScriptBuildPhase;
			buildActionMask = 2147483647;
			files = (
			);
			inputFileListPaths = (
				"${PODS_ROOT}/Target Support Files/Pods-ChartsApp/Pods-ChartsApp-frameworks-${CONFIGURATION}-input-files.xcfilelist",
			);
			name = "[CP] Embed Pods Frameworks";
			outputFileListPaths = (
				"${PODS_ROOT}/Target Support Files/Pods-ChartsApp/Pods-ChartsApp-frameworks-${CONFIGURATION}-output-files.xcfilelist",
			);
			runOnlyForDeploymentPostprocessing = 0;
			shellPath = /bin/sh;
			shellScript = "\"${PODS_ROOT}/Target Support Files/Pods-ChartsApp/Pods-ChartsApp-frameworks.sh\"\n";
			showEnvVarsInLog = 0;
		};
		8B386130CE66F953585FF709 /* [CP] Check Pods Manifest.lock */ = {
			isa = PBXShellScriptBuildPhase;
			buildActionMask = 2147483647;
			files = (
			);
			inputFileListPaths = (
			);
			inputPaths = (
				"${PODS_PODFILE_DIR_PATH}/Podfile.lock",
				"${PODS_ROOT}/Manifest.lock",
			);
			name = "[CP] Check Pods Manifest.lock";
			outputFileListPaths = (
			);
			outputPaths = (
				"$(DERIVED_FILE_DIR)/Pods-ChartsApp-checkManifestLockResult.txt",
			);
			runOnlyForDeploymentPostprocessing = 0;
			shellPath = /bin/sh;
			shellScript = "diff \"${PODS_PODFILE_DIR_PATH}/Podfile.lock\" \"${PODS_ROOT}/Manifest.lock\" > /dev/null\nif [ $? != 0 ] ; then\n    # print error to STDERR\n    echo \"error: The sandbox is not in sync with the Podfile.lock. Run 'pod install' or update your CocoaPods installation.\" >&2\n    exit 1\nfi\n# This output is used by Xcode 'outputs' to avoid re-running this script phase.\necho \"SUCCESS\" > \"${SCRIPT_OUTPUT_FILE_0}\"\n";
			showEnvVarsInLog = 0;
		};
/* End PBXShellScriptBuildPhase section */

/* Begin PBXSourcesBuildPhase section */
		13C0ECFB2962A40900FA86EF /* Sources */ = {
			isa = PBXSourcesBuildPhase;
			buildActionMask = 2147483647;
			files = (
				13C0ED072962A40900FA86EF /* ViewController.swift in Sources */,
				13C0ED032962A40900FA86EF /* AppDelegate.swift in Sources */,
				13C0ED052962A40900FA86EF /* SceneDelegate.swift in Sources */,
			);
			runOnlyForDeploymentPostprocessing = 0;
		};
/* End PBXSourcesBuildPhase section */

/* Begin PBXVariantGroup section */
		13C0ED082962A40900FA86EF /* Main.storyboard */ = {
			isa = PBXVariantGroup;
			children = (
				13C0ED092962A40900FA86EF /* Base */,
			);
			name = Main.storyboard;
			sourceTree = "<group>";
		};
		13C0ED0D2962A40A00FA86EF /* LaunchScreen.storyboard */ = {
			isa = PBXVariantGroup;
			children = (
				13C0ED0E2962A40A00FA86EF /* Base */,
			);
			name = LaunchScreen.storyboard;
			sourceTree = "<group>";
		};
/* End PBXVariantGroup section */

/* Begin XCBuildConfiguration section */
		13C0ED112962A40A00FA86EF /* Debug */ = {
			isa = XCBuildConfiguration;
			buildSettings = {
				ALWAYS_SEARCH_USER_PATHS = NO;
				CLANG_ANALYZER_NONNULL = YES;
				CLANG_ANALYZER_NUMBER_OBJECT_CONVERSION = YES_AGGRESSIVE;
				CLANG_CXX_LANGUAGE_STANDARD = "gnu++20";
				CLANG_ENABLE_MODULES = YES;
				CLANG_ENABLE_OBJC_ARC = YES;
				CLANG_ENABLE_OBJC_WEAK = YES;
				CLANG_WARN_BLOCK_CAPTURE_AUTORELEASING = YES;
				CLANG_WARN_BOOL_CONVERSION = YES;
				CLANG_WARN_COMMA = YES;
				CLANG_WARN_CONSTANT_CONVERSION = YES;
				CLANG_WARN_DEPRECATED_OBJC_IMPLEMENTATIONS = YES;
				CLANG_WARN_DIRECT_OBJC_ISA_USAGE = YES_ERROR;
				CLANG_WARN_DOCUMENTATION_COMMENTS = YES;
				CLANG_WARN_EMPTY_BODY = YES;
				CLANG_WARN_ENUM_CONVERSION = YES;
				CLANG_WARN_INFINITE_RECURSION = YES;
				CLANG_WARN_INT_CONVERSION = YES;
				CLANG_WARN_NON_LITERAL_NULL_CONVERSION = YES;
				CLANG_WARN_OBJC_IMPLICIT_RETAIN_SELF = YES;
				CLANG_WARN_OBJC_LITERAL_CONVERSION = YES;
				CLANG_WARN_OBJC_ROOT_CLASS = YES_ERROR;
				CLANG_WARN_QUOTED_INCLUDE_IN_FRAMEWORK_HEADER = YES;
				CLANG_WARN_RANGE_LOOP_ANALYSIS = YES;
				CLANG_WARN_STRICT_PROTOTYPES = YES;
				CLANG_WARN_SUSPICIOUS_MOVE = YES;
				CLANG_WARN_UNGUARDED_AVAILABILITY = YES_AGGRESSIVE;
				CLANG_WARN_UNREACHABLE_CODE = YES;
				CLANG_WARN__DUPLICATE_METHOD_MATCH = YES;
				COPY_PHASE_STRIP = NO;
				DEBUG_INFORMATION_FORMAT = dwarf;
				ENABLE_STRICT_OBJC_MSGSEND = YES;
				ENABLE_TESTABILITY = YES;
				GCC_C_LANGUAGE_STANDARD = gnu11;
				GCC_DYNAMIC_NO_PIC = NO;
				GCC_NO_COMMON_BLOCKS = YES;
				GCC_OPTIMIZATION_LEVEL = 0;
				GCC_PREPROCESSOR_DEFINITIONS = (
					"DEBUG=1",
					"$(inherited)",
				);
				GCC_WARN_64_TO_32_BIT_CONVERSION = YES;
				GCC_WARN_ABOUT_RETURN_TYPE = YES_ERROR;
				GCC_WARN_UNDECLARED_SELECTOR = YES;
				GCC_WARN_UNINITIALIZED_AUTOS = YES_AGGRESSIVE;
				GCC_WARN_UNUSED_FUNCTION = YES;
				GCC_WARN_UNUSED_VARIABLE = YES;
				IPHONEOS_DEPLOYMENT_TARGET = 16.1;
				MTL_ENABLE_DEBUG_INFO = INCLUDE_SOURCE;
				MTL_FAST_MATH = YES;
				ONLY_ACTIVE_ARCH = YES;
				SDKROOT = iphoneos;
				SWIFT_ACTIVE_COMPILATION_CONDITIONS = DEBUG;
				SWIFT_OPTIMIZATION_LEVEL = "-Onone";
			};
			name = Debug;
		};
		13C0ED122962A40A00FA86EF /* Release */ = {
			isa = XCBuildConfiguration;
			buildSettings = {
				ALWAYS_SEARCH_USER_PATHS = NO;
				CLANG_ANALYZER_NONNULL = YES;
				CLANG_ANALYZER_NUMBER_OBJECT_CONVERSION = YES_AGGRESSIVE;
				CLANG_CXX_LANGUAGE_STANDARD = "gnu++20";
				CLANG_ENABLE_MODULES = YES;
				CLANG_ENABLE_OBJC_ARC = YES;
				CLANG_ENABLE_OBJC_WEAK = YES;
				CLANG_WARN_BLOCK_CAPTURE_AUTORELEASING = YES;
				CLANG_WARN_BOOL_CONVERSION = YES;
				CLANG_WARN_COMMA = YES;
				CLANG_WARN_CONSTANT_CONVERSION = YES;
				CLANG_WARN_DEPRECATED_OBJC_IMPLEMENTATIONS = YES;
				CLANG_WARN_DIRECT_OBJC_ISA_USAGE = YES_ERROR;
				CLANG_WARN_DOCUMENTATION_COMMENTS = YES;
				CLANG_WARN_EMPTY_BODY = YES;
				CLANG_WARN_ENUM_CONVERSION = YES;
				CLANG_WARN_INFINITE_RECURSION = YES;
				CLANG_WARN_INT_CONVERSION = YES;
				CLANG_WARN_NON_LITERAL_NULL_CONVERSION = YES;
				CLANG_WARN_OBJC_IMPLICIT_RETAIN_SELF = YES;
				CLANG_WARN_OBJC_LITERAL_CONVERSION = YES;
				CLANG_WARN_OBJC_ROOT_CLASS = YES_ERROR;
				CLANG_WARN_QUOTED_INCLUDE_IN_FRAMEWORK_HEADER = YES;
				CLANG_WARN_RANGE_LOOP_ANALYSIS = YES;
				CLANG_WARN_STRICT_PROTOTYPES = YES;
				CLANG_WARN_SUSPICIOUS_MOVE = YES;
				CLANG_WARN_UNGUARDED_AVAILABILITY = YES_AGGRESSIVE;
				CLANG_WARN_UNREACHABLE_CODE = YES;
				CLANG_WARN__DUPLICATE_METHOD_MATCH = YES;
				COPY_PHASE_STRIP = NO;
				DEBUG_INFORMATION_FORMAT = "dwarf-with-dsym";
				ENABLE_NS_ASSERTIONS = NO;
				ENABLE_STRICT_OBJC_MSGSEND = YES;
				GCC_C_LANGUAGE_STANDARD = gnu11;
				GCC_NO_COMMON_BLOCKS = YES;
				GCC_WARN_64_TO_32_BIT_CONVERSION = YES;
				GCC_WARN_ABOUT_RETURN_TYPE = YES_ERROR;
				GCC_WARN_UNDECLARED_SELECTOR = YES;
				GCC_WARN_UNINITIALIZED_AUTOS = YES_AGGRESSIVE;
				GCC_WARN_UNUSED_FUNCTION = YES;
				GCC_WARN_UNUSED_VARIABLE = YES;
				IPHONEOS_DEPLOYMENT_TARGET = 16.1;
				MTL_ENABLE_DEBUG_INFO = NO;
				MTL_FAST_MATH = YES;
				SDKROOT = iphoneos;
				SWIFT_COMPILATION_MODE = wholemodule;
				SWIFT_OPTIMIZATION_LEVEL = "-O";
				VALIDATE_PRODUCT = YES;
			};
			name = Release;
		};
		13C0ED142962A40A00FA86EF /* Debug */ = {
			isa = XCBuildConfiguration;
			baseConfigurationReference = 02DA0FDC4A4280F735A874AF /* Pods-ChartsApp.debug.xcconfig */;
			buildSettings = {
				ASSETCATALOG_COMPILER_APPICON_NAME = AppIcon;
				ASSETCATALOG_COMPILER_GLOBAL_ACCENT_COLOR_NAME = AccentColor;
				CODE_SIGN_STYLE = Automatic;
				CURRENT_PROJECT_VERSION = 1;
				DEVELOPMENT_TEAM = B2V8LG7269;
				GENERATE_INFOPLIST_FILE = YES;
				INFOPLIST_FILE = ChartsApp/Info.plist;
				INFOPLIST_KEY_UIApplicationSupportsIndirectInputEvents = YES;
				INFOPLIST_KEY_UILaunchStoryboardName = LaunchScreen;
				INFOPLIST_KEY_UIMainStoryboardFile = Main;
				INFOPLIST_KEY_UISupportedInterfaceOrientations_iPad = "UIInterfaceOrientationPortrait UIInterfaceOrientationPortraitUpsideDown UIInterfaceOrientationLandscapeLeft UIInterfaceOrientationLandscapeRight";
				INFOPLIST_KEY_UISupportedInterfaceOrientations_iPhone = "UIInterfaceOrientationPortrait UIInterfaceOrientationLandscapeLeft UIInterfaceOrientationLandscapeRight";
				LD_RUNPATH_SEARCH_PATHS = (
					"$(inherited)",
					"@executable_path/Frameworks",
				);
				MARKETING_VERSION = 1.0;
				PRODUCT_BUNDLE_IDENTIFIER = com.conner.charts;
				PRODUCT_NAME = "$(TARGET_NAME)";
				SWIFT_EMIT_LOC_STRINGS = YES;
				SWIFT_VERSION = 5.0;
				TARGETED_DEVICE_FAMILY = "1,2";
			};
			name = Debug;
		};
		13C0ED152962A40A00FA86EF /* Release */ = {
			isa = XCBuildConfiguration;
			baseConfigurationReference = B861913A4F18586485FCB069 /* Pods-ChartsApp.release.xcconfig */;
			buildSettings = {
				ASSETCATALOG_COMPILER_APPICON_NAME = AppIcon;
				ASSETCATALOG_COMPILER_GLOBAL_ACCENT_COLOR_NAME = AccentColor;
				CODE_SIGN_STYLE = Automatic;
				CURRENT_PROJECT_VERSION = 1;
				DEVELOPMENT_TEAM = B2V8LG7269;
				GENERATE_INFOPLIST_FILE = YES;
				INFOPLIST_FILE = ChartsApp/Info.plist;
				INFOPLIST_KEY_UIApplicationSupportsIndirectInputEvents = YES;
				INFOPLIST_KEY_UILaunchStoryboardName = LaunchScreen;
				INFOPLIST_KEY_UIMainStoryboardFile = Main;
				INFOPLIST_KEY_UISupportedInterfaceOrientations_iPad = "UIInterfaceOrientationPortrait UIInterfaceOrientationPortraitUpsideDown UIInterfaceOrientationLandscapeLeft UIInterfaceOrientationLandscapeRight";
				INFOPLIST_KEY_UISupportedInterfaceOrientations_iPhone = "UIInterfaceOrientationPortrait UIInterfaceOrientationLandscapeLeft UIInterfaceOrientationLandscapeRight";
				LD_RUNPATH_SEARCH_PATHS = (
					"$(inherited)",
					"@executable_path/Frameworks",
				);
				MARKETING_VERSION = 1.0;
				PRODUCT_BUNDLE_IDENTIFIER = com.conner.charts;
				PRODUCT_NAME = "$(TARGET_NAME)";
				SWIFT_EMIT_LOC_STRINGS = YES;
				SWIFT_VERSION = 5.0;
				TARGETED_DEVICE_FAMILY = "1,2";
			};
			name = Release;
		};
/* End XCBuildConfiguration section */

/* Begin XCConfigurationList section */
		13C0ECFA2962A40800FA86EF /* Build configuration list for PBXProject "ChartsApp" */ = {
			isa = XCConfigurationList;
			buildConfigurations = (
				13C0ED112962A40A00FA86EF /* Debug */,
				13C0ED122962A40A00FA86EF /* Release */,
			);
			defaultConfigurationIsVisible = 0;
			defaultConfigurationName = Release;
		};
		13C0ED132962A40A00FA86EF /* Build configuration list for PBXNativeTarget "ChartsApp" */ = {
			isa = XCConfigurationList;
			buildConfigurations = (
				13C0ED142962A40A00FA86EF /* Debug */,
				13C0ED152962A40A00FA86EF /* Release */,
			);
			defaultConfigurationIsVisible = 0;
			defaultConfigurationName = Release;
		};
/* End XCConfigurationList section */
	};
	rootObject = 13C0ECF72962A40800FA86EF /* Project object */;
}
